
Microsoft Visual Studio Solution File, Format Version 12.00
# Visual Studio Version 17
VisualStudioVersion = 17.8.34330.188
MinimumVisualStudioVersion = 10.0.40219.1
Project("{FAE04EC0-301F-11D3-BF4B-00C04F79EFBC}") = "ArraySortDec", "ArraySortDec.csproj", "{9782B647-1F19-459E-A471-E9E9CC75DF46}"
EndProject
Global
	GlobalSection(SolutionConfigurationPlatforms) = preSolution
		Debug|Any CPU = Debug|Any CPU
		Release|Any CPU = Release|Any CPU
	EndGlobalSection
	GlobalSection(ProjectConfigurationPlatforms) = postSolution
		{9782B647-1F19-459E-A471-E9E9CC75DF46}.Debug|Any CPU.ActiveCfg = Debug|Any CPU
		{9782B647-1F19-459E-A471-E9E9CC75DF46}.Debug|Any CPU.Build.0 = Debug|Any CPU
		{9782B647-1F19-459E-A471-E9E9CC75DF46}.Release|Any CPU.ActiveCfg = Release|Any CPU
		{9782B647-1F19-459E-A471-E9E9CC75DF46}.Release|Any CPU.Build.0 = Release|Any CPU
	EndGlobalSection
	GlobalSection(SolutionProperties) = preSolution
		HideSolutionNode = FALSE
	EndGlobalSection
	GlobalSection(ExtensibilityGlobals) = postSolution
		SolutionGuid = {72DFC8BD-135D-4091-ACB8-268828014BB5}
	EndGlobalSection
EndGlobal
