
Microsoft Visual Studio Solution File, Format Version 12.00
# Visual Studio Version 17
VisualStudioVersion = 17.8.34330.188
MinimumVisualStudioVersion = 10.0.40219.1
Project("{FAE04EC0-301F-11D3-BF4B-00C04F79EFBC}") = "SubArraySum", "SubArraySum.csproj", "{7A0C5F9E-40B7-4216-800A-CC1537F4D192}"
EndProject
Global
	GlobalSection(SolutionConfigurationPlatforms) = preSolution
		Debug|Any CPU = Debug|Any CPU
		Release|Any CPU = Release|Any CPU
	EndGlobalSection
	GlobalSection(ProjectConfigurationPlatforms) = postSolution
		{7A0C5F9E-40B7-4216-800A-CC1537F4D192}.Debug|Any CPU.ActiveCfg = Debug|Any CPU
		{7A0C5F9E-40B7-4216-800A-CC1537F4D192}.Debug|Any CPU.Build.0 = Debug|Any CPU
		{7A0C5F9E-40B7-4216-800A-CC1537F4D192}.Release|Any CPU.ActiveCfg = Release|Any CPU
		{7A0C5F9E-40B7-4216-800A-CC1537F4D192}.Release|Any CPU.Build.0 = Release|Any CPU
	EndGlobalSection
	GlobalSection(SolutionProperties) = preSolution
		HideSolutionNode = FALSE
	EndGlobalSection
	GlobalSection(ExtensibilityGlobals) = postSolution
		SolutionGuid = {75FB5F42-56EB-427B-B913-ECCB88E9E912}
	EndGlobalSection
EndGlobal
