
Microsoft Visual Studio Solution File, Format Version 12.00
# Visual Studio Version 17
VisualStudioVersion = 17.8.34330.188
MinimumVisualStudioVersion = 10.0.40219.1
Project("{FAE04EC0-301F-11D3-BF4B-00C04F79EFBC}") = "5_DuplicateElements", "5_DuplicateElements.csproj", "{62E23747-5566-4B4E-AE84-387D0F9B50DA}"
EndProject
Global
	GlobalSection(SolutionConfigurationPlatforms) = preSolution
		Debug|Any CPU = Debug|Any CPU
		Release|Any CPU = Release|Any CPU
	EndGlobalSection
	GlobalSection(ProjectConfigurationPlatforms) = postSolution
		{62E23747-5566-4B4E-AE84-387D0F9B50DA}.Debug|Any CPU.ActiveCfg = Debug|Any CPU
		{62E23747-5566-4B4E-AE84-387D0F9B50DA}.Debug|Any CPU.Build.0 = Debug|Any CPU
		{62E23747-5566-4B4E-AE84-387D0F9B50DA}.Release|Any CPU.ActiveCfg = Release|Any CPU
		{62E23747-5566-4B4E-AE84-387D0F9B50DA}.Release|Any CPU.Build.0 = Release|Any CPU
	EndGlobalSection
	GlobalSection(SolutionProperties) = preSolution
		HideSolutionNode = FALSE
	EndGlobalSection
	GlobalSection(ExtensibilityGlobals) = postSolution
		SolutionGuid = {584A3C8A-9CF0-4CBE-9A2C-4E7B62D9BDE3}
	EndGlobalSection
EndGlobal
